
Microsoft Visual Studio Solution File, Format Version 12.00
# Visual Studio Version 16
VisualStudioVersion = 16.0.31911.196
MinimumVisualStudioVersion = 10.0.40219.1
Project("{9A19103F-16F7-4668-BE54-9A1E7A4F7556}") = "site-projetosocial-squad5", "site-projetosocial-squad5.csproj", "{F47D1ACE-37C7-40BF-BB0A-BBD3AFDE976D}"
EndProject
Global
	GlobalSection(SolutionConfigurationPlatforms) = preSolution
		Debug|Any CPU = Debug|Any CPU
		Release|Any CPU = Release|Any CPU
	EndGlobalSection
	GlobalSection(ProjectConfigurationPlatforms) = postSolution
		{F47D1ACE-37C7-40BF-BB0A-BBD3AFDE976D}.Debug|Any CPU.ActiveCfg = Debug|Any CPU
		{F47D1ACE-37C7-40BF-BB0A-BBD3AFDE976D}.Debug|Any CPU.Build.0 = Debug|Any CPU
		{F47D1ACE-37C7-40BF-BB0A-BBD3AFDE976D}.Release|Any CPU.ActiveCfg = Release|Any CPU
		{F47D1ACE-37C7-40BF-BB0A-BBD3AFDE976D}.Release|Any CPU.Build.0 = Release|Any CPU
	EndGlobalSection
	GlobalSection(SolutionProperties) = preSolution
		HideSolutionNode = FALSE
	EndGlobalSection
	GlobalSection(ExtensibilityGlobals) = postSolution
		SolutionGuid = {70C2C9CB-CFFF-4E9D-BF9B-80B31C18D23C}
	EndGlobalSection
EndGlobal
